{
  "version": 4,
  "terraform_version": "0.12.18",
  "serial": 54,
  "lineage": "d61284df-e453-755e-434c-7bb6f183e19d",
  "outputs": {
    "instance_id": {
      "value": "projects/terraform-gcp-255501/zones/us-east1-c/instances/udemy-vm-1",
      "type": "string"
    },
    "name": {
      "value": [
        "udemy-vm-1"
      ],
      "type": [
        "tuple",
        [
          "string"
        ]
      ]
    }
  },
  "resources": [
    {
      "mode": "data",
      "type": "google_compute_instance",
      "name": "appserver",
      "provider": "provider.google",
      "instances": [
        {
          "schema_version": 0,
          "attributes": {
            "allow_stopping_for_update": null,
            "attached_disk": null,
            "boot_disk": null,
            "can_ip_forward": null,
            "cpu_platform": null,
            "deletion_protection": null,
            "description": null,
            "enable_display": null,
            "guest_accelerator": null,
            "hostname": null,
            "id": null,
            "instance_id": null,
            "label_fingerprint": null,
            "labels": null,
            "machine_type": null,
            "metadata": null,
            "metadata_fingerprint": null,
            "metadata_startup_script": null,
            "min_cpu_platform": null,
            "name": null,
            "network_interface": null,
            "project": null,
            "scheduling": null,
            "scratch_disk": null,
            "self_link": null,
            "service_account": null,
            "shielded_instance_config": null,
            "tags": null,
            "tags_fingerprint": null,
            "zone": null
          }
        }
      ]
    },
    {
      "mode": "managed",
      "type": "google_compute_attached_disk",
      "name": "default",
      "provider": "provider.google",
      "instances": [
        {
          "schema_version": 0,
          "attributes": {
            "device_name": "persistent-disk-1",
            "disk": "projects/terraform-gcp-255501/zones/us-east1-c/disks/udemy-disk",
            "id": "projects/terraform-gcp-255501/zones/us-east1-c/instances/udemy-vm-1/udemy-disk",
            "instance": "projects/terraform-gcp-255501/zones/us-east1-c/instances/udemy-vm-1",
            "mode": "READ_WRITE",
            "project": "terraform-gcp-255501",
            "timeouts": null,
            "zone": "us-east1-c"
          },
          "private": "eyJlMmJmYjczMC1lY2FhLTExZTYtOGY4OC0zNDM2M2JjN2M0YzAiOnsiY3JlYXRlIjozMDAwMDAwMDAwMDAsImRlbGV0ZSI6MzAwMDAwMDAwMDAwfX0=",
          "dependencies": [
            "google_compute_disk.default",
            "google_compute_instance.default"
          ]
        }
      ]
    },
    {
      "mode": "managed",
      "type": "google_compute_disk",
      "name": "default",
      "provider": "provider.google",
      "instances": [
        {
          "schema_version": 0,
          "attributes": {
            "creation_timestamp": "2020-01-18T17:59:48.167-08:00",
            "description": "",
            "disk_encryption_key": [],
            "id": "projects/terraform-gcp-255501/zones/us-east1-c/disks/udemy-disk",
            "image": "",
            "label_fingerprint": "42WmSpB8rSM=",
            "labels": null,
            "last_attach_timestamp": "",
            "last_detach_timestamp": "",
            "name": "udemy-disk",
            "physical_block_size_bytes": 4096,
            "project": "terraform-gcp-255501",
            "self_link": "https://www.googleapis.com/compute/v1/projects/terraform-gcp-255501/zones/us-east1-c/disks/udemy-disk",
            "size": 10,
            "snapshot": "",
            "source_image_encryption_key": [],
            "source_image_id": "",
            "source_snapshot_encryption_key": [],
            "source_snapshot_id": "",
            "timeouts": null,
            "type": "pd-ssd",
            "users": [],
            "zone": "us-east1-c"
          },
          "private": "eyJlMmJmYjczMC1lY2FhLTExZTYtOGY4OC0zNDM2M2JjN2M0YzAiOnsiY3JlYXRlIjozMDAwMDAwMDAwMDAsImRlbGV0ZSI6MjQwMDAwMDAwMDAwLCJ1cGRhdGUiOjI0MDAwMDAwMDAwMH19"
        }
      ]
    },
    {
      "mode": "managed",
      "type": "google_compute_firewall",
      "name": "allow-http",
      "provider": "provider.google",
      "instances": [
        {
          "schema_version": 1,
          "attributes": {
            "allow": [
              {
                "ports": [
                  "80"
                ],
                "protocol": "tcp"
              }
            ],
            "creation_timestamp": "2020-01-18T17:57:38.599-08:00",
            "deny": [],
            "description": "",
            "destination_ranges": [],
            "direction": "INGRESS",
            "disabled": false,
            "enable_logging": false,
            "id": "projects/terraform-gcp-255501/global/firewalls/allow-http",
            "name": "allow-http",
            "network": "https://www.googleapis.com/compute/v1/projects/terraform-gcp-255501/global/networks/default",
            "priority": 1000,
            "project": "terraform-gcp-255501",
            "self_link": "https://www.googleapis.com/compute/v1/projects/terraform-gcp-255501/global/firewalls/allow-http",
            "source_ranges": [
              "0.0.0.0/0"
            ],
            "source_service_accounts": [],
            "source_tags": [],
            "target_service_accounts": [],
            "target_tags": [
              "allow-http"
            ],
            "timeouts": null
          },
          "private": "eyJlMmJmYjczMC1lY2FhLTExZTYtOGY4OC0zNDM2M2JjN2M0YzAiOnsiY3JlYXRlIjoyNDAwMDAwMDAwMDAsImRlbGV0ZSI6MjQwMDAwMDAwMDAwLCJ1cGRhdGUiOjI0MDAwMDAwMDAwMH0sInNjaGVtYV92ZXJzaW9uIjoiMSJ9"
        }
      ]
    },
    {
      "mode": "managed",
      "type": "google_compute_firewall",
      "name": "allow-https",
      "provider": "provider.google",
      "instances": [
        {
          "schema_version": 1,
          "attributes": {
            "allow": [
              {
                "ports": [
                  "443"
                ],
                "protocol": "tcp"
              }
            ],
            "creation_timestamp": "2020-01-18T17:57:38.477-08:00",
            "deny": [],
            "description": "",
            "destination_ranges": [],
            "direction": "INGRESS",
            "disabled": false,
            "enable_logging": false,
            "id": "projects/terraform-gcp-255501/global/firewalls/allow-https",
            "name": "allow-https",
            "network": "https://www.googleapis.com/compute/v1/projects/terraform-gcp-255501/global/networks/default",
            "priority": 1000,
            "project": "terraform-gcp-255501",
            "self_link": "https://www.googleapis.com/compute/v1/projects/terraform-gcp-255501/global/firewalls/allow-https",
            "source_ranges": [
              "0.0.0.0/0"
            ],
            "source_service_accounts": [],
            "source_tags": [],
            "target_service_accounts": [],
            "target_tags": [
              "allow-https"
            ],
            "timeouts": null
          },
          "private": "eyJlMmJmYjczMC1lY2FhLTExZTYtOGY4OC0zNDM2M2JjN2M0YzAiOnsiY3JlYXRlIjoyNDAwMDAwMDAwMDAsImRlbGV0ZSI6MjQwMDAwMDAwMDAwLCJ1cGRhdGUiOjI0MDAwMDAwMDAwMH0sInNjaGVtYV92ZXJzaW9uIjoiMSJ9"
        }
      ]
    },
    {
      "mode": "managed",
      "type": "google_compute_firewall",
      "name": "allow-ssh",
      "provider": "provider.google",
      "instances": [
        {
          "schema_version": 1,
          "attributes": {
            "allow": [
              {
                "ports": [
                  "22"
                ],
                "protocol": "tcp"
              }
            ],
            "creation_timestamp": "2020-01-18T17:57:38.709-08:00",
            "deny": [],
            "description": "",
            "destination_ranges": [],
            "direction": "INGRESS",
            "disabled": false,
            "enable_logging": false,
            "id": "projects/terraform-gcp-255501/global/firewalls/allow-ssh",
            "name": "allow-ssh",
            "network": "https://www.googleapis.com/compute/v1/projects/terraform-gcp-255501/global/networks/default",
            "priority": 1000,
            "project": "terraform-gcp-255501",
            "self_link": "https://www.googleapis.com/compute/v1/projects/terraform-gcp-255501/global/firewalls/allow-ssh",
            "source_ranges": [
              "0.0.0.0/0"
            ],
            "source_service_accounts": [],
            "source_tags": [],
            "target_service_accounts": [],
            "target_tags": [
              "allow-ssh"
            ],
            "timeouts": null
          },
          "private": "eyJlMmJmYjczMC1lY2FhLTExZTYtOGY4OC0zNDM2M2JjN2M0YzAiOnsiY3JlYXRlIjoyNDAwMDAwMDAwMDAsImRlbGV0ZSI6MjQwMDAwMDAwMDAwLCJ1cGRhdGUiOjI0MDAwMDAwMDAwMH0sInNjaGVtYV92ZXJzaW9uIjoiMSJ9"
        }
      ]
    },
    {
      "mode": "managed",
      "type": "google_compute_instance",
      "name": "default",
      "each": "list",
      "provider": "provider.google",
      "instances": [
        {
          "index_key": 0,
          "schema_version": 6,
          "attributes": {
            "allow_stopping_for_update": null,
            "attached_disk": [],
            "boot_disk": [
              {
                "auto_delete": true,
                "device_name": "persistent-disk-0",
                "disk_encryption_key_raw": "",
                "disk_encryption_key_sha256": "",
                "initialize_params": [
                  {
                    "image": "https://www.googleapis.com/compute/v1/projects/ubuntu-os-cloud/global/images/ubuntu-minimal-1804-bionic-v20200108",
                    "labels": {},
                    "size": 20,
                    "type": "pd-standard"
                  }
                ],
                "kms_key_self_link": "",
                "mode": "READ_WRITE",
                "source": "https://www.googleapis.com/compute/v1/projects/terraform-gcp-255501/zones/us-east1-c/disks/udemy-vm-1"
              }
            ],
            "can_ip_forward": false,
            "cpu_platform": "Intel Haswell",
            "deletion_protection": false,
            "description": "This is Irvs test VM",
            "enable_display": false,
            "guest_accelerator": [],
            "hostname": "",
            "id": "projects/terraform-gcp-255501/zones/us-east1-c/instances/udemy-vm-1",
            "instance_id": "6254894809581750010",
            "label_fingerprint": "eo2ccoB72JI=",
            "labels": {
              "machine_type": "n1-standard-2",
              "name": "udemy-vm-1"
            },
            "machine_type": "n1-standard-2",
            "metadata": {
              "foo": "bar",
              "size": "20"
            },
            "metadata_fingerprint": "bDMTU_hPmps=",
            "metadata_startup_script": "echo Irving \u003e /hello.txt",
            "min_cpu_platform": "",
            "name": "udemy-vm-1",
            "network_interface": [
              {
                "access_config": [],
                "alias_ip_range": [],
                "name": "nic0",
                "network": "https://www.googleapis.com/compute/v1/projects/terraform-gcp-255501/global/networks/default",
                "network_ip": "10.142.0.40",
                "subnetwork": "https://www.googleapis.com/compute/v1/projects/terraform-gcp-255501/regions/us-east1/subnetworks/default",
                "subnetwork_project": "terraform-gcp-255501"
              }
            ],
            "project": "terraform-gcp-255501",
            "scheduling": [
              {
                "automatic_restart": true,
                "node_affinities": [],
                "on_host_maintenance": "MIGRATE",
                "preemptible": false
              }
            ],
            "scratch_disk": [],
            "self_link": "https://www.googleapis.com/compute/v1/projects/terraform-gcp-255501/zones/us-east1-c/instances/udemy-vm-1",
            "service_account": [
              {
                "email": "391473914337-compute@developer.gserviceaccount.com",
                "scopes": [
                  "https://www.googleapis.com/auth/compute.readonly",
                  "https://www.googleapis.com/auth/devstorage.read_only",
                  "https://www.googleapis.com/auth/userinfo.email"
                ]
              }
            ],
            "shielded_instance_config": [],
            "tags": [
              "allow-http",
              "allow-https",
              "allow-ssh"
            ],
            "tags_fingerprint": "sEn_6wOAnyk=",
            "timeouts": null,
            "zone": "us-east1-c"
          },
          "private": "eyJlMmJmYjczMC1lY2FhLTExZTYtOGY4OC0zNDM2M2JjN2M0YzAiOnsiY3JlYXRlIjoxMjAwMDAwMDAwMDAwLCJkZWxldGUiOjEyMDAwMDAwMDAwMDAsInVwZGF0ZSI6MTIwMDAwMDAwMDAwMH0sInNjaGVtYV92ZXJzaW9uIjoiNiJ9"
        }
      ]
    }
  ]
}
