{
  "version": 4,
  "terraform_version": "0.12.18",
  "serial": 9,
  "lineage": "b3fc91a5-f63d-7dbf-464e-4d172feac109",
  "outputs": {},
  "resources": [
    {
      "mode": "managed",
      "type": "google_compute_network",
      "name": "Demo-subnet",
      "provider": "provider.google",
      "instances": [
        {
          "schema_version": 0,
          "attributes": {
            "auto_create_subnetworks": false,
            "delete_default_routes_on_create": false,
            "description": "",
            "gateway_ipv4": "",
            "id": "projects/terraform-gcp-255501/global/networks/demo-subnet",
            "ipv4_range": null,
            "name": "demo-subnet",
            "project": "terraform-gcp-255501",
            "routing_mode": "REGIONAL",
            "self_link": "https://www.googleapis.com/compute/v1/projects/terraform-gcp-255501/global/networks/demo-subnet",
            "timeouts": null
          },
          "private": "eyJlMmJmYjczMC1lY2FhLTExZTYtOGY4OC0zNDM2M2JjN2M0YzAiOnsiY3JlYXRlIjoyNDAwMDAwMDAwMDAsImRlbGV0ZSI6MjQwMDAwMDAwMDAwLCJ1cGRhdGUiOjI0MDAwMDAwMDAwMH19"
        }
      ]
    },
    {
      "mode": "managed",
      "type": "google_compute_subnetwork",
      "name": "network",
      "provider": "provider.google",
      "instances": [
        {
          "schema_version": 0,
          "attributes": {
            "creation_timestamp": "2020-01-18T16:18:46.770-08:00",
            "description": "",
            "enable_flow_logs": null,
            "fingerprint": null,
            "gateway_address": "10.1.0.1",
            "id": "projects/terraform-gcp-255501/regions/us-east1/subnetworks/demo-10-1-0-0-network",
            "ip_cidr_range": "10.1.0.0/16",
            "log_config": [],
            "name": "demo-10-1-0-0-network",
            "network": "https://www.googleapis.com/compute/v1/projects/terraform-gcp-255501/global/networks/demo-subnet",
            "private_ip_google_access": false,
            "project": "terraform-gcp-255501",
            "region": "us-east1",
            "secondary_ip_range": [],
            "self_link": "https://www.googleapis.com/compute/v1/projects/terraform-gcp-255501/regions/us-east1/subnetworks/demo-10-1-0-0-network",
            "timeouts": null
          },
          "private": "eyJlMmJmYjczMC1lY2FhLTExZTYtOGY4OC0zNDM2M2JjN2M0YzAiOnsiY3JlYXRlIjozNjAwMDAwMDAwMDAsImRlbGV0ZSI6MzYwMDAwMDAwMDAwLCJ1cGRhdGUiOjM2MDAwMDAwMDAwMH19",
          "dependencies": [
            "google_compute_network.Demo-subnet"
          ]
        }
      ]
    }
  ]
}
